
Microsoft Visual Studio Solution File, Format Version 12.00
# Visual Studio Version 16
VisualStudioVersion = 16.0.32901.82
MinimumVisualStudioVersion = 10.0.40219.1
Project("{9A19103F-16F7-4668-BE54-9A1E7A4F7556}") = "TrilhaApiDesafio", "TrilhaApiDesafio.csproj", "{A71B8536-5BE8-4BFA-8F40-B8C86C324854}"
EndProject
Global
	GlobalSection(SolutionConfigurationPlatforms) = preSolution
		Debug|Any CPU = Debug|Any CPU
		Release|Any CPU = Release|Any CPU
	EndGlobalSection
	GlobalSection(ProjectConfigurationPlatforms) = postSolution
		{A71B8536-5BE8-4BFA-8F40-B8C86C324854}.Debug|Any CPU.ActiveCfg = Debug|Any CPU
		{A71B8536-5BE8-4BFA-8F40-B8C86C324854}.Debug|Any CPU.Build.0 = Debug|Any CPU
		{A71B8536-5BE8-4BFA-8F40-B8C86C324854}.Release|Any CPU.ActiveCfg = Release|Any CPU
		{A71B8536-5BE8-4BFA-8F40-B8C86C324854}.Release|Any CPU.Build.0 = Release|Any CPU
	EndGlobalSection
	GlobalSection(SolutionProperties) = preSolution
		HideSolutionNode = FALSE
	EndGlobalSection
	GlobalSection(ExtensibilityGlobals) = postSolution
		SolutionGuid = {C2B98F62-A5D6-491C-8AA5-D6CD21C6E575}
	EndGlobalSection
EndGlobal
